
Microsoft Visual Studio Solution File, Format Version 12.00
# Visual Studio Version 17
VisualStudioVersion = 17.2.32616.157
MinimumVisualStudioVersion = 10.0.40219.1
Project("{9A19103F-16F7-4668-BE54-9A1E7A4F7556}") = "CarSharing", "CarSharing\CarSharing.csproj", "{BD6A7FD2-7E17-4F92-BF15-DF4E46084A59}"
EndProject
Project("{FAE04EC0-301F-11D3-BF4B-00C04F79EFBC}") = "CarSharingTests", "CarSharingTests\CarSharingTests.csproj", "{A00FC01B-B64B-4E15-8B7F-62C873C6DCF1}"
EndProject
Global
	GlobalSection(SolutionConfigurationPlatforms) = preSolution
		Debug|Any CPU = Debug|Any CPU
		Release|Any CPU = Release|Any CPU
	EndGlobalSection
	GlobalSection(ProjectConfigurationPlatforms) = postSolution
		{BD6A7FD2-7E17-4F92-BF15-DF4E46084A59}.Debug|Any CPU.ActiveCfg = Debug|Any CPU
		{BD6A7FD2-7E17-4F92-BF15-DF4E46084A59}.Debug|Any CPU.Build.0 = Debug|Any CPU
		{BD6A7FD2-7E17-4F92-BF15-DF4E46084A59}.Release|Any CPU.ActiveCfg = Release|Any CPU
		{BD6A7FD2-7E17-4F92-BF15-DF4E46084A59}.Release|Any CPU.Build.0 = Release|Any CPU
		{A00FC01B-B64B-4E15-8B7F-62C873C6DCF1}.Debug|Any CPU.ActiveCfg = Debug|Any CPU
		{A00FC01B-B64B-4E15-8B7F-62C873C6DCF1}.Debug|Any CPU.Build.0 = Debug|Any CPU
		{A00FC01B-B64B-4E15-8B7F-62C873C6DCF1}.Release|Any CPU.ActiveCfg = Release|Any CPU
		{A00FC01B-B64B-4E15-8B7F-62C873C6DCF1}.Release|Any CPU.Build.0 = Release|Any CPU
	EndGlobalSection
	GlobalSection(SolutionProperties) = preSolution
		HideSolutionNode = FALSE
	EndGlobalSection
	GlobalSection(ExtensibilityGlobals) = postSolution
		SolutionGuid = {AB8DF299-D4B6-4E7D-BFF8-844F39B92D1A}
	EndGlobalSection
EndGlobal
